
Microsoft Visual Studio Solution File, Format Version 12.00
# Visual Studio Version 17
VisualStudioVersion = 17.0.32112.339
MinimumVisualStudioVersion = 10.0.40219.1
Project("{FAE04EC0-301F-11D3-BF4B-00C04F79EFBC}") = "Dia6", "Dia6\Dia6.csproj", "{DC0D45C6-05B9-4612-9FB3-FA5530C5C039}"
EndProject
Global
	GlobalSection(SolutionConfigurationPlatforms) = preSolution
		Debug|Any CPU = Debug|Any CPU
		Release|Any CPU = Release|Any CPU
	EndGlobalSection
	GlobalSection(ProjectConfigurationPlatforms) = postSolution
		{DC0D45C6-05B9-4612-9FB3-FA5530C5C039}.Debug|Any CPU.ActiveCfg = Debug|Any CPU
		{DC0D45C6-05B9-4612-9FB3-FA5530C5C039}.Debug|Any CPU.Build.0 = Debug|Any CPU
		{DC0D45C6-05B9-4612-9FB3-FA5530C5C039}.Release|Any CPU.ActiveCfg = Release|Any CPU
		{DC0D45C6-05B9-4612-9FB3-FA5530C5C039}.Release|Any CPU.Build.0 = Release|Any CPU
	EndGlobalSection
	GlobalSection(SolutionProperties) = preSolution
		HideSolutionNode = FALSE
	EndGlobalSection
	GlobalSection(ExtensibilityGlobals) = postSolution
		SolutionGuid = {0ED4E8AC-2346-49F9-981D-CB57C03FB06A}
	EndGlobalSection
EndGlobal
